
Microsoft Visual Studio Solution File, Format Version 12.00
# Visual Studio Version 16
VisualStudioVersion = 16.0.29209.152
MinimumVisualStudioVersion = 10.0.40219.1
Project("{FAE04EC0-301F-11D3-BF4B-00C04F79EFBC}") = "DataChart", "DataChart\DataChart.csproj", "{0186D444-DB74-4982-BC55-E3BCA6CEDC3C}"
EndProject
Global
	GlobalSection(SolutionConfigurationPlatforms) = preSolution
		Debug|Any CPU = Debug|Any CPU
		Release|Any CPU = Release|Any CPU
	EndGlobalSection
	GlobalSection(ProjectConfigurationPlatforms) = postSolution
		{0186D444-DB74-4982-BC55-E3BCA6CEDC3C}.Debug|Any CPU.ActiveCfg = Debug|Any CPU
		{0186D444-DB74-4982-BC55-E3BCA6CEDC3C}.Debug|Any CPU.Build.0 = Debug|Any CPU
		{0186D444-DB74-4982-BC55-E3BCA6CEDC3C}.Release|Any CPU.ActiveCfg = Release|Any CPU
		{0186D444-DB74-4982-BC55-E3BCA6CEDC3C}.Release|Any CPU.Build.0 = Release|Any CPU
	EndGlobalSection
	GlobalSection(SolutionProperties) = preSolution
		HideSolutionNode = FALSE
	EndGlobalSection
	GlobalSection(ExtensibilityGlobals) = postSolution
		SolutionGuid = {105B82B6-5F7B-46BC-B42A-881609C72D4B}
	EndGlobalSection
EndGlobal
